
Microsoft Visual Studio Solution File, Format Version 12.00
# Visual Studio Version 17
VisualStudioVersion = 17.4.33213.308
MinimumVisualStudioVersion = 10.0.40219.1
Project("{FAE04EC0-301F-11D3-BF4B-00C04F79EFBC}") = "ChatBotCoachWebsite", "ChatBotCoachWebsite.csproj", "{978ADCA6-87BF-4456-BFBC-6B9E23803842}"
EndProject
Global
	GlobalSection(SolutionConfigurationPlatforms) = preSolution
		Debug|Any CPU = Debug|Any CPU
		Release|Any CPU = Release|Any CPU
	EndGlobalSection
	GlobalSection(ProjectConfigurationPlatforms) = postSolution
		{978ADCA6-87BF-4456-BFBC-6B9E23803842}.Debug|Any CPU.ActiveCfg = Debug|Any CPU
		{978ADCA6-87BF-4456-BFBC-6B9E23803842}.Debug|Any CPU.Build.0 = Debug|Any CPU
		{978ADCA6-87BF-4456-BFBC-6B9E23803842}.Release|Any CPU.ActiveCfg = Release|Any CPU
		{978ADCA6-87BF-4456-BFBC-6B9E23803842}.Release|Any CPU.Build.0 = Release|Any CPU
	EndGlobalSection
	GlobalSection(SolutionProperties) = preSolution
		HideSolutionNode = FALSE
	EndGlobalSection
	GlobalSection(ExtensibilityGlobals) = postSolution
		SolutionGuid = {C47B468A-9582-4E17-8ABB-80D276B96A56}
	EndGlobalSection
EndGlobal
